{
  "name": "hypit-complex-explainer",
  "version": "0.0.0",
  "lockfileVersion": 3,
  "requires": true,
  "packages": {
    "": {
      "name": "hypit-complex-explainer",
      "version": "0.0.0",
      "dependencies": {
        "@explainer/launch-scenes": "file:packages/launch-scenes",
        "@explainer/opening-system": "file:packages/opening-system",
        "@explainer/single-line-captions": "file:packages/single-line-captions",
        "@explainer/visual-language": "file:packages/visual-language",
        "@explainer/web-scenes": "file:packages/web-scenes"
      }
    },
    "node_modules/@explainer/launch-scenes": {
      "resolved": "packages/launch-scenes",
      "link": true
    },
    "node_modules/@explainer/opening-system": {
      "resolved": "packages/opening-system",
      "link": true
    },
    "node_modules/@explainer/single-line-captions": {
      "resolved": "packages/single-line-captions",
      "link": true
    },
    "node_modules/@explainer/visual-language": {
      "resolved": "packages/visual-language",
      "link": true
    },
    "node_modules/@explainer/web-scenes": {
      "resolved": "packages/web-scenes",
      "link": true
    },
    "packages/launch-scenes": {
      "name": "@explainer/launch-scenes",
      "version": "0.0.0"
    },
    "packages/opening-system": {
      "name": "@explainer/opening-system",
      "version": "0.0.0",
      "dependencies": {
        "@explainer/visual-language": "file:../visual-language"
      }
    },
    "packages/single-line-captions": {
      "name": "@explainer/single-line-captions",
      "version": "0.0.0"
    },
    "packages/visual-language": {
      "name": "@explainer/visual-language",
      "version": "0.0.0"
    },
    "packages/web-scenes": {
      "name": "@explainer/web-scenes",
      "version": "0.0.0",
      "dependencies": {
        "@explainer/visual-language": "file:../visual-language"
      }
    }
  }
}
